
Microsoft Visual Studio Solution File, Format Version 12.00
# Visual Studio Version 17
VisualStudioVersion = 17.0.31903.59
MinimumVisualStudioVersion = 10.0.40219.1
Project("{2150E333-8FDC-42A3-9474-1A3956D46DE8}") = "src", "src", "{827E0CD3-B72D-47B6-A68D-7590B98EB39B}"
EndProject
Project("{2150E333-8FDC-42A3-9474-1A3956D46DE8}") = "Domain", "Domain", "{8B290487-4C16-E85E-E807-F579CBE9FC4D}"
EndProject
Project("{FAE04EC0-301F-11D3-BF4B-00C04F79EFBC}") = "Phoenix.Domain", "src\Domain\Phoenix.Domain\Phoenix.Domain.csproj", "{152A19F4-0DCF-4075-810E-A6122E8F177F}"
EndProject
Project("{2150E333-8FDC-42A3-9474-1A3956D46DE8}") = "Application", "Application", "{22BAF98C-8415-17C4-B26A-D537657BC863}"
EndProject
Project("{FAE04EC0-301F-11D3-BF4B-00C04F79EFBC}") = "Phoenix.Application", "src\Application\Phoenix.Application\Phoenix.Application.csproj", "{E07ABBE0-EB2F-44E7-969C-8200F8FB608C}"
EndProject
Project("{2150E333-8FDC-42A3-9474-1A3956D46DE8}") = "Infrastructure", "Infrastructure", "{9048EB7F-3875-A59E-E36B-5BD4C6F2A282}"
EndProject
Project("{FAE04EC0-301F-11D3-BF4B-00C04F79EFBC}") = "Phoenix.Infrastructure", "src\Infrastructure\Phoenix.Infrastructure\Phoenix.Infrastructure.csproj", "{F68BD5DA-7D67-4328-ACE7-1CC75899EED9}"
EndProject
Project("{2150E333-8FDC-42A3-9474-1A3956D46DE8}") = "Presentation", "Presentation", "{6996BBF7-DB31-59BC-C7DD-9A7CCC6138C4}"
EndProject
Project("{FAE04EC0-301F-11D3-BF4B-00C04F79EFBC}") = "Phoenix.Api", "src\Presentation\Phoenix.Api\Phoenix.Api.csproj", "{C64B10AC-365B-4713-B3A3-61A16F69EBA7}"
EndProject
Global
	GlobalSection(SolutionConfigurationPlatforms) = preSolution
		Debug|Any CPU = Debug|Any CPU
		Debug|x64 = Debug|x64
		Debug|x86 = Debug|x86
		Release|Any CPU = Release|Any CPU
		Release|x64 = Release|x64
		Release|x86 = Release|x86
	EndGlobalSection
	GlobalSection(ProjectConfigurationPlatforms) = postSolution
		{152A19F4-0DCF-4075-810E-A6122E8F177F}.Debug|Any CPU.ActiveCfg = Debug|Any CPU
		{152A19F4-0DCF-4075-810E-A6122E8F177F}.Debug|Any CPU.Build.0 = Debug|Any CPU
		{152A19F4-0DCF-4075-810E-A6122E8F177F}.Debug|x64.ActiveCfg = Debug|Any CPU
		{152A19F4-0DCF-4075-810E-A6122E8F177F}.Debug|x64.Build.0 = Debug|Any CPU
		{152A19F4-0DCF-4075-810E-A6122E8F177F}.Debug|x86.ActiveCfg = Debug|Any CPU
		{152A19F4-0DCF-4075-810E-A6122E8F177F}.Debug|x86.Build.0 = Debug|Any CPU
		{152A19F4-0DCF-4075-810E-A6122E8F177F}.Release|Any CPU.ActiveCfg = Release|Any CPU
		{152A19F4-0DCF-4075-810E-A6122E8F177F}.Release|Any CPU.Build.0 = Release|Any CPU
		{152A19F4-0DCF-4075-810E-A6122E8F177F}.Release|x64.ActiveCfg = Release|Any CPU
		{152A19F4-0DCF-4075-810E-A6122E8F177F}.Release|x64.Build.0 = Release|Any CPU
		{152A19F4-0DCF-4075-810E-A6122E8F177F}.Release|x86.ActiveCfg = Release|Any CPU
		{152A19F4-0DCF-4075-810E-A6122E8F177F}.Release|x86.Build.0 = Release|Any CPU
		{E07ABBE0-EB2F-44E7-969C-8200F8FB608C}.Debug|Any CPU.ActiveCfg = Debug|Any CPU
		{E07ABBE0-EB2F-44E7-969C-8200F8FB608C}.Debug|Any CPU.Build.0 = Debug|Any CPU
		{E07ABBE0-EB2F-44E7-969C-8200F8FB608C}.Debug|x64.ActiveCfg = Debug|Any CPU
		{E07ABBE0-EB2F-44E7-969C-8200F8FB608C}.Debug|x64.Build.0 = Debug|Any CPU
		{E07ABBE0-EB2F-44E7-969C-8200F8FB608C}.Debug|x86.ActiveCfg = Debug|Any CPU
		{E07ABBE0-EB2F-44E7-969C-8200F8FB608C}.Debug|x86.Build.0 = Debug|Any CPU
		{E07ABBE0-EB2F-44E7-969C-8200F8FB608C}.Release|Any CPU.ActiveCfg = Release|Any CPU
		{E07ABBE0-EB2F-44E7-969C-8200F8FB608C}.Release|Any CPU.Build.0 = Release|Any CPU
		{E07ABBE0-EB2F-44E7-969C-8200F8FB608C}.Release|x64.ActiveCfg = Release|Any CPU
		{E07ABBE0-EB2F-44E7-969C-8200F8FB608C}.Release|x64.Build.0 = Release|Any CPU
		{E07ABBE0-EB2F-44E7-969C-8200F8FB608C}.Release|x86.ActiveCfg = Release|Any CPU
		{E07ABBE0-EB2F-44E7-969C-8200F8FB608C}.Release|x86.Build.0 = Release|Any CPU
		{F68BD5DA-7D67-4328-ACE7-1CC75899EED9}.Debug|Any CPU.ActiveCfg = Debug|Any CPU
		{F68BD5DA-7D67-4328-ACE7-1CC75899EED9}.Debug|Any CPU.Build.0 = Debug|Any CPU
		{F68BD5DA-7D67-4328-ACE7-1CC75899EED9}.Debug|x64.ActiveCfg = Debug|Any CPU
		{F68BD5DA-7D67-4328-ACE7-1CC75899EED9}.Debug|x64.Build.0 = Debug|Any CPU
		{F68BD5DA-7D67-4328-ACE7-1CC75899EED9}.Debug|x86.ActiveCfg = Debug|Any CPU
		{F68BD5DA-7D67-4328-ACE7-1CC75899EED9}.Debug|x86.Build.0 = Debug|Any CPU
		{F68BD5DA-7D67-4328-ACE7-1CC75899EED9}.Release|Any CPU.ActiveCfg = Release|Any CPU
		{F68BD5DA-7D67-4328-ACE7-1CC75899EED9}.Release|Any CPU.Build.0 = Release|Any CPU
		{F68BD5DA-7D67-4328-ACE7-1CC75899EED9}.Release|x64.ActiveCfg = Release|Any CPU
		{F68BD5DA-7D67-4328-ACE7-1CC75899EED9}.Release|x64.Build.0 = Release|Any CPU
		{F68BD5DA-7D67-4328-ACE7-1CC75899EED9}.Release|x86.ActiveCfg = Release|Any CPU
		{F68BD5DA-7D67-4328-ACE7-1CC75899EED9}.Release|x86.Build.0 = Release|Any CPU
		{C64B10AC-365B-4713-B3A3-61A16F69EBA7}.Debug|Any CPU.ActiveCfg = Debug|Any CPU
		{C64B10AC-365B-4713-B3A3-61A16F69EBA7}.Debug|Any CPU.Build.0 = Debug|Any CPU
		{C64B10AC-365B-4713-B3A3-61A16F69EBA7}.Debug|x64.ActiveCfg = Debug|Any CPU
		{C64B10AC-365B-4713-B3A3-61A16F69EBA7}.Debug|x64.Build.0 = Debug|Any CPU
		{C64B10AC-365B-4713-B3A3-61A16F69EBA7}.Debug|x86.ActiveCfg = Debug|Any CPU
		{C64B10AC-365B-4713-B3A3-61A16F69EBA7}.Debug|x86.Build.0 = Debug|Any CPU
		{C64B10AC-365B-4713-B3A3-61A16F69EBA7}.Release|Any CPU.ActiveCfg = Release|Any CPU
		{C64B10AC-365B-4713-B3A3-61A16F69EBA7}.Release|Any CPU.Build.0 = Release|Any CPU
		{C64B10AC-365B-4713-B3A3-61A16F69EBA7}.Release|x64.ActiveCfg = Release|Any CPU
		{C64B10AC-365B-4713-B3A3-61A16F69EBA7}.Release|x64.Build.0 = Release|Any CPU
		{C64B10AC-365B-4713-B3A3-61A16F69EBA7}.Release|x86.ActiveCfg = Release|Any CPU
		{C64B10AC-365B-4713-B3A3-61A16F69EBA7}.Release|x86.Build.0 = Release|Any CPU
	EndGlobalSection
	GlobalSection(SolutionProperties) = preSolution
		HideSolutionNode = FALSE
	EndGlobalSection
	GlobalSection(NestedProjects) = preSolution
		{8B290487-4C16-E85E-E807-F579CBE9FC4D} = {827E0CD3-B72D-47B6-A68D-7590B98EB39B}
		{152A19F4-0DCF-4075-810E-A6122E8F177F} = {8B290487-4C16-E85E-E807-F579CBE9FC4D}
		{22BAF98C-8415-17C4-B26A-D537657BC863} = {827E0CD3-B72D-47B6-A68D-7590B98EB39B}
		{E07ABBE0-EB2F-44E7-969C-8200F8FB608C} = {22BAF98C-8415-17C4-B26A-D537657BC863}
		{9048EB7F-3875-A59E-E36B-5BD4C6F2A282} = {827E0CD3-B72D-47B6-A68D-7590B98EB39B}
		{F68BD5DA-7D67-4328-ACE7-1CC75899EED9} = {9048EB7F-3875-A59E-E36B-5BD4C6F2A282}
		{6996BBF7-DB31-59BC-C7DD-9A7CCC6138C4} = {827E0CD3-B72D-47B6-A68D-7590B98EB39B}
		{C64B10AC-365B-4713-B3A3-61A16F69EBA7} = {6996BBF7-DB31-59BC-C7DD-9A7CCC6138C4}
	EndGlobalSection
EndGlobal
